
Microsoft Visual Studio Solution File, Format Version 12.00
# Visual Studio Version 17
VisualStudioVersion = 17.5.002.0
MinimumVisualStudioVersion = 10.0.40219.1
Project("{9A19103F-16F7-4668-BE54-9A1E7A4F7556}") = "Final-Project-C-", "Final-Project-C-.csproj", "{77C06EEF-9F19-4DB7-A3E1-15A4FC60B9DD}"
EndProject
Global
	GlobalSection(SolutionConfigurationPlatforms) = preSolution
		Debug|Any CPU = Debug|Any CPU
		Release|Any CPU = Release|Any CPU
	EndGlobalSection
	GlobalSection(ProjectConfigurationPlatforms) = postSolution
		{77C06EEF-9F19-4DB7-A3E1-15A4FC60B9DD}.Debug|Any CPU.ActiveCfg = Debug|Any CPU
		{77C06EEF-9F19-4DB7-A3E1-15A4FC60B9DD}.Debug|Any CPU.Build.0 = Debug|Any CPU
		{77C06EEF-9F19-4DB7-A3E1-15A4FC60B9DD}.Release|Any CPU.ActiveCfg = Release|Any CPU
		{77C06EEF-9F19-4DB7-A3E1-15A4FC60B9DD}.Release|Any CPU.Build.0 = Release|Any CPU
	EndGlobalSection
	GlobalSection(SolutionProperties) = preSolution
		HideSolutionNode = FALSE
	EndGlobalSection
	GlobalSection(ExtensibilityGlobals) = postSolution
		SolutionGuid = {83E4D037-2D39-42D7-BFE7-C1E10FC83CCD}
	EndGlobalSection
EndGlobal
